
Microsoft Visual Studio Solution File, Format Version 12.00
# Visual Studio 15
VisualStudioVersion = 15.0.26124.0
MinimumVisualStudioVersion = 15.0.26124.0
Project("{2150E333-8FDC-42A3-9474-1A3956D46DE8}") = "src", "src", "{081BD9FB-6851-4F81-9B58-77D721F937C0}"
EndProject
Project("{FAE04EC0-301F-11D3-BF4B-00C04F79EFBC}") = "Mahi", "src\Mahi\Mahi.csproj", "{48B3888C-44E8-41D6-8388-360E65B9CC11}"
EndProject
Project("{2150E333-8FDC-42A3-9474-1A3956D46DE8}") = "test", "test", "{C69E77AB-FB5A-44D6-9B05-AD587F327DBF}"
EndProject
Project("{FAE04EC0-301F-11D3-BF4B-00C04F79EFBC}") = "Mahi.Tests", "test\Mahi.Tests\Mahi.Tests.csproj", "{9B121B0C-FFA1-43DD-A66E-4765F05D8A41}"
EndProject
Global
	GlobalSection(SolutionConfigurationPlatforms) = preSolution
		Debug|Any CPU = Debug|Any CPU
		Debug|x64 = Debug|x64
		Debug|x86 = Debug|x86
		Release|Any CPU = Release|Any CPU
		Release|x64 = Release|x64
		Release|x86 = Release|x86
	EndGlobalSection
	GlobalSection(SolutionProperties) = preSolution
		HideSolutionNode = FALSE
	EndGlobalSection
	GlobalSection(ProjectConfigurationPlatforms) = postSolution
		{48B3888C-44E8-41D6-8388-360E65B9CC11}.Debug|Any CPU.ActiveCfg = Debug|Any CPU
		{48B3888C-44E8-41D6-8388-360E65B9CC11}.Debug|Any CPU.Build.0 = Debug|Any CPU
		{48B3888C-44E8-41D6-8388-360E65B9CC11}.Debug|x64.ActiveCfg = Debug|Any CPU
		{48B3888C-44E8-41D6-8388-360E65B9CC11}.Debug|x64.Build.0 = Debug|Any CPU
		{48B3888C-44E8-41D6-8388-360E65B9CC11}.Debug|x86.ActiveCfg = Debug|Any CPU
		{48B3888C-44E8-41D6-8388-360E65B9CC11}.Debug|x86.Build.0 = Debug|Any CPU
		{48B3888C-44E8-41D6-8388-360E65B9CC11}.Release|Any CPU.ActiveCfg = Release|Any CPU
		{48B3888C-44E8-41D6-8388-360E65B9CC11}.Release|Any CPU.Build.0 = Release|Any CPU
		{48B3888C-44E8-41D6-8388-360E65B9CC11}.Release|x64.ActiveCfg = Release|Any CPU
		{48B3888C-44E8-41D6-8388-360E65B9CC11}.Release|x64.Build.0 = Release|Any CPU
		{48B3888C-44E8-41D6-8388-360E65B9CC11}.Release|x86.ActiveCfg = Release|Any CPU
		{48B3888C-44E8-41D6-8388-360E65B9CC11}.Release|x86.Build.0 = Release|Any CPU
		{9B121B0C-FFA1-43DD-A66E-4765F05D8A41}.Debug|Any CPU.ActiveCfg = Debug|Any CPU
		{9B121B0C-FFA1-43DD-A66E-4765F05D8A41}.Debug|Any CPU.Build.0 = Debug|Any CPU
		{9B121B0C-FFA1-43DD-A66E-4765F05D8A41}.Debug|x64.ActiveCfg = Debug|Any CPU
		{9B121B0C-FFA1-43DD-A66E-4765F05D8A41}.Debug|x64.Build.0 = Debug|Any CPU
		{9B121B0C-FFA1-43DD-A66E-4765F05D8A41}.Debug|x86.ActiveCfg = Debug|Any CPU
		{9B121B0C-FFA1-43DD-A66E-4765F05D8A41}.Debug|x86.Build.0 = Debug|Any CPU
		{9B121B0C-FFA1-43DD-A66E-4765F05D8A41}.Release|Any CPU.ActiveCfg = Release|Any CPU
		{9B121B0C-FFA1-43DD-A66E-4765F05D8A41}.Release|Any CPU.Build.0 = Release|Any CPU
		{9B121B0C-FFA1-43DD-A66E-4765F05D8A41}.Release|x64.ActiveCfg = Release|Any CPU
		{9B121B0C-FFA1-43DD-A66E-4765F05D8A41}.Release|x64.Build.0 = Release|Any CPU
		{9B121B0C-FFA1-43DD-A66E-4765F05D8A41}.Release|x86.ActiveCfg = Release|Any CPU
		{9B121B0C-FFA1-43DD-A66E-4765F05D8A41}.Release|x86.Build.0 = Release|Any CPU
	EndGlobalSection
	GlobalSection(NestedProjects) = preSolution
		{48B3888C-44E8-41D6-8388-360E65B9CC11} = {081BD9FB-6851-4F81-9B58-77D721F937C0}
		{9B121B0C-FFA1-43DD-A66E-4765F05D8A41} = {C69E77AB-FB5A-44D6-9B05-AD587F327DBF}
	EndGlobalSection
EndGlobal
